
Microsoft Visual Studio Solution File, Format Version 12.00
# Visual Studio 14
VisualStudioVersion = 14.0.25420.1
MinimumVisualStudioVersion = 10.0.40219.1
Project("{2150E333-8FDC-42A3-9474-1A3956D46DE8}") = "basic", "basic", "{792AEA5C-1896-49EE-8FDF-2004DDA123A2}"
EndProject
Project("{FAE04EC0-301F-11D3-BF4B-00C04F79EFBC}") = "ActorTypes", "actor-model\basic\ActorTypes\ActorTypes.csproj", "{E9B633BC-8FF2-4A0A-9587-E4B083D48963}"
EndProject
Project("{FAE04EC0-301F-11D3-BF4B-00C04F79EFBC}") = "ActorDialogue", "actor-model\basic\ActorDialogue\ActorDialogue.csproj", "{F96328FF-C863-4BEC-8E6E-EFBE82DA22BA}"
EndProject
Project("{FAE04EC0-301F-11D3-BF4B-00C04F79EFBC}") = "ActorScheduler", "actor-model\basic\ActorScheduler\ActorScheduler.csproj", "{34C8D4D0-5060-4E50-B6FF-4C16CE298C34}"
EndProject
Project("{FAE04EC0-301F-11D3-BF4B-00C04F79EFBC}") = "ActorSupervisorStrategy", "actor-model\basic\ActorSupervisorStrategy\ActorSupervisorStrategy.csproj", "{2C6D0F0C-789C-4472-8CC5-C0E8726F6FD3}"
EndProject
Project("{FAE04EC0-301F-11D3-BF4B-00C04F79EFBC}") = "ActorStopping", "actor-model\basic\ActorStopping\ActorStopping.csproj", "{D2B9B0DB-780B-4E9B-BB9B-56560CEF17F6}"
EndProject
Project("{2150E333-8FDC-42A3-9474-1A3956D46DE8}") = "pipeto", "pipeto", "{74DF0211-D950-46B6-BC23-F336192B6C12}"
EndProject
Project("{FAE04EC0-301F-11D3-BF4B-00C04F79EFBC}") = "ActorPipeTo_1", "actor-model\pipeto\ActorPipeTo_1\ActorPipeTo_1.csproj", "{7668B9F6-E050-42BA-99E4-A397CA3DFA85}"
EndProject
Project("{FAE04EC0-301F-11D3-BF4B-00C04F79EFBC}") = "ActorPipeTo_2", "actor-model\pipeto\ActorPipeTo_2\ActorPipeTo_2.csproj", "{FB17C4BA-7FB9-411D-8C16-E551E220EDB0}"
EndProject
Project("{FAE04EC0-301F-11D3-BF4B-00C04F79EFBC}") = "ActorPipeTo_3", "actor-model\pipeto\ActorPipeTo_3\ActorPipeTo_3.csproj", "{612CB0FF-1CED-49A1-9FF2-0E9C98F2B2AB}"
EndProject
Project("{2150E333-8FDC-42A3-9474-1A3956D46DE8}") = "stashing", "stashing", "{EACE57A3-CF47-420B-9523-D1AC8F6C5E35}"
EndProject
Project("{FAE04EC0-301F-11D3-BF4B-00C04F79EFBC}") = "ActorStashing", "actor-model\stashing\ActorStashing\ActorStashing.csproj", "{6E1F2E5E-AD2B-482B-B835-58798A6AA5C7}"
EndProject
Project("{2150E333-8FDC-42A3-9474-1A3956D46DE8}") = "switchable-behaviors", "switchable-behaviors", "{00CC2C35-F1DF-46BD-8CCE-9CAF42C27A4F}"
EndProject
Project("{FAE04EC0-301F-11D3-BF4B-00C04F79EFBC}") = "ActorBecome", "actor-model\switchable-behaviors\ActorBecome\ActorBecome.csproj", "{286B36BF-C651-42C9-91DD-97E1420B0150}"
EndProject
Project("{FAE04EC0-301F-11D3-BF4B-00C04F79EFBC}") = "ActorStacked", "actor-model\switchable-behaviors\ActorStacked\ActorStacked.csproj", "{E10740B3-1FE8-4534-841E-A214690C0E41}"
EndProject
Project("{2150E333-8FDC-42A3-9474-1A3956D46DE8}") = "routers", "routers", "{A1FBAAD1-F7B5-4D97-9429-E58D6A00E112}"
EndProject
Project("{FAE04EC0-301F-11D3-BF4B-00C04F79EFBC}") = "ActorRouters", "actor-model\routers\ActorRouters\ActorRouters.csproj", "{9A9E51FB-3335-4377-ABF1-021B9B367506}"
EndProject
Project("{FAE04EC0-301F-11D3-BF4B-00C04F79EFBC}") = "ActorRouters.HOCON", "actor-model\routers\ActorRoutersHOCON\ActorRouters.HOCON.csproj", "{2F6A2584-B187-420C-B314-A6756E1EE4AC}"
EndProject
Project("{2150E333-8FDC-42A3-9474-1A3956D46DE8}") = "remote", "remote", "{BA42AC7E-CEC3-4647-8D07-48C3B1DBDB98}"
EndProject
Project("{FAE04EC0-301F-11D3-BF4B-00C04F79EFBC}") = "RemoteActor.Common", "actor-model\remote\RemoteActor.Common\RemoteActor.Common.csproj", "{ECF0690D-B337-4D7E-B2B1-6E4DDB7BAD52}"
EndProject
Project("{FAE04EC0-301F-11D3-BF4B-00C04F79EFBC}") = "RemoteActor.Local", "actor-model\remote\RemoteActor.Local\RemoteActor.Local.csproj", "{699AC191-D620-4AA9-822C-DFD95935C148}"
EndProject
Project("{FAE04EC0-301F-11D3-BF4B-00C04F79EFBC}") = "RemoteActor.Remote", "actor-model\remote\RemoteActor.Remote\RemoteActor.Remote.csproj", "{189496FE-7105-42EA-9DA7-F8BB6C3A872B}"
EndProject
Project("{2150E333-8FDC-42A3-9474-1A3956D46DE8}") = "cluster", "cluster", "{BCEFA1FF-F39B-4EC6-A79E-5A945CCFC1D6}"
EndProject
Project("{FAE04EC0-301F-11D3-BF4B-00C04F79EFBC}") = "ActorCluster", "actor-model\cluster\ActorCluster\ActorCluster.csproj", "{024CA0B4-C12C-4185-81AD-722F916F7144}"
EndProject
Project("{FAE04EC0-301F-11D3-BF4B-00C04F79EFBC}") = "Lighthouse", "actor-model\cluster\Lighthouse\Lighthouse.csproj", "{87BE1ABF-1F59-41AB-A3CB-4B1E7E0B218A}"
EndProject
Project("{2150E333-8FDC-42A3-9474-1A3956D46DE8}") = "persistence", "persistence", "{9A908BDC-8AFB-405F-A818-BD96BBE416AC}"
EndProject
Project("{FAE04EC0-301F-11D3-BF4B-00C04F79EFBC}") = "ActorPersistence", "actor-model\persistence\ActorPersistence\ActorPersistence.csproj", "{A149395B-8E54-45D4-83FE-0408EC58F82F}"
EndProject
Project("{FAE04EC0-301F-11D3-BF4B-00C04F79EFBC}") = "ActorPersistenceCommandEvent", "actor-model\persistence\ActorPersistenceCommandEvent\ActorPersistenceCommandEvent.csproj", "{13493F5C-F9AB-4F85-A45C-945F99CF2C39}"
EndProject
Global
	GlobalSection(SolutionConfigurationPlatforms) = preSolution
		Debug|Any CPU = Debug|Any CPU
		Release|Any CPU = Release|Any CPU
	EndGlobalSection
	GlobalSection(ProjectConfigurationPlatforms) = postSolution
		{E9B633BC-8FF2-4A0A-9587-E4B083D48963}.Debug|Any CPU.ActiveCfg = Debug|Any CPU
		{E9B633BC-8FF2-4A0A-9587-E4B083D48963}.Debug|Any CPU.Build.0 = Debug|Any CPU
		{E9B633BC-8FF2-4A0A-9587-E4B083D48963}.Release|Any CPU.ActiveCfg = Release|Any CPU
		{E9B633BC-8FF2-4A0A-9587-E4B083D48963}.Release|Any CPU.Build.0 = Release|Any CPU
		{F96328FF-C863-4BEC-8E6E-EFBE82DA22BA}.Debug|Any CPU.ActiveCfg = Debug|Any CPU
		{F96328FF-C863-4BEC-8E6E-EFBE82DA22BA}.Debug|Any CPU.Build.0 = Debug|Any CPU
		{F96328FF-C863-4BEC-8E6E-EFBE82DA22BA}.Release|Any CPU.ActiveCfg = Release|Any CPU
		{F96328FF-C863-4BEC-8E6E-EFBE82DA22BA}.Release|Any CPU.Build.0 = Release|Any CPU
		{34C8D4D0-5060-4E50-B6FF-4C16CE298C34}.Debug|Any CPU.ActiveCfg = Debug|Any CPU
		{34C8D4D0-5060-4E50-B6FF-4C16CE298C34}.Debug|Any CPU.Build.0 = Debug|Any CPU
		{34C8D4D0-5060-4E50-B6FF-4C16CE298C34}.Release|Any CPU.ActiveCfg = Release|Any CPU
		{34C8D4D0-5060-4E50-B6FF-4C16CE298C34}.Release|Any CPU.Build.0 = Release|Any CPU
		{2C6D0F0C-789C-4472-8CC5-C0E8726F6FD3}.Debug|Any CPU.ActiveCfg = Debug|Any CPU
		{2C6D0F0C-789C-4472-8CC5-C0E8726F6FD3}.Debug|Any CPU.Build.0 = Debug|Any CPU
		{2C6D0F0C-789C-4472-8CC5-C0E8726F6FD3}.Release|Any CPU.ActiveCfg = Release|Any CPU
		{2C6D0F0C-789C-4472-8CC5-C0E8726F6FD3}.Release|Any CPU.Build.0 = Release|Any CPU
		{D2B9B0DB-780B-4E9B-BB9B-56560CEF17F6}.Debug|Any CPU.ActiveCfg = Debug|Any CPU
		{D2B9B0DB-780B-4E9B-BB9B-56560CEF17F6}.Debug|Any CPU.Build.0 = Debug|Any CPU
		{D2B9B0DB-780B-4E9B-BB9B-56560CEF17F6}.Release|Any CPU.ActiveCfg = Release|Any CPU
		{D2B9B0DB-780B-4E9B-BB9B-56560CEF17F6}.Release|Any CPU.Build.0 = Release|Any CPU
		{7668B9F6-E050-42BA-99E4-A397CA3DFA85}.Debug|Any CPU.ActiveCfg = Debug|Any CPU
		{7668B9F6-E050-42BA-99E4-A397CA3DFA85}.Debug|Any CPU.Build.0 = Debug|Any CPU
		{7668B9F6-E050-42BA-99E4-A397CA3DFA85}.Release|Any CPU.ActiveCfg = Release|Any CPU
		{7668B9F6-E050-42BA-99E4-A397CA3DFA85}.Release|Any CPU.Build.0 = Release|Any CPU
		{FB17C4BA-7FB9-411D-8C16-E551E220EDB0}.Debug|Any CPU.ActiveCfg = Debug|Any CPU
		{FB17C4BA-7FB9-411D-8C16-E551E220EDB0}.Debug|Any CPU.Build.0 = Debug|Any CPU
		{FB17C4BA-7FB9-411D-8C16-E551E220EDB0}.Release|Any CPU.ActiveCfg = Release|Any CPU
		{FB17C4BA-7FB9-411D-8C16-E551E220EDB0}.Release|Any CPU.Build.0 = Release|Any CPU
		{612CB0FF-1CED-49A1-9FF2-0E9C98F2B2AB}.Debug|Any CPU.ActiveCfg = Debug|Any CPU
		{612CB0FF-1CED-49A1-9FF2-0E9C98F2B2AB}.Debug|Any CPU.Build.0 = Debug|Any CPU
		{612CB0FF-1CED-49A1-9FF2-0E9C98F2B2AB}.Release|Any CPU.ActiveCfg = Release|Any CPU
		{612CB0FF-1CED-49A1-9FF2-0E9C98F2B2AB}.Release|Any CPU.Build.0 = Release|Any CPU
		{6E1F2E5E-AD2B-482B-B835-58798A6AA5C7}.Debug|Any CPU.ActiveCfg = Debug|Any CPU
		{6E1F2E5E-AD2B-482B-B835-58798A6AA5C7}.Debug|Any CPU.Build.0 = Debug|Any CPU
		{6E1F2E5E-AD2B-482B-B835-58798A6AA5C7}.Release|Any CPU.ActiveCfg = Release|Any CPU
		{6E1F2E5E-AD2B-482B-B835-58798A6AA5C7}.Release|Any CPU.Build.0 = Release|Any CPU
		{286B36BF-C651-42C9-91DD-97E1420B0150}.Debug|Any CPU.ActiveCfg = Debug|Any CPU
		{286B36BF-C651-42C9-91DD-97E1420B0150}.Debug|Any CPU.Build.0 = Debug|Any CPU
		{286B36BF-C651-42C9-91DD-97E1420B0150}.Release|Any CPU.ActiveCfg = Release|Any CPU
		{286B36BF-C651-42C9-91DD-97E1420B0150}.Release|Any CPU.Build.0 = Release|Any CPU
		{E10740B3-1FE8-4534-841E-A214690C0E41}.Debug|Any CPU.ActiveCfg = Debug|Any CPU
		{E10740B3-1FE8-4534-841E-A214690C0E41}.Debug|Any CPU.Build.0 = Debug|Any CPU
		{E10740B3-1FE8-4534-841E-A214690C0E41}.Release|Any CPU.ActiveCfg = Release|Any CPU
		{E10740B3-1FE8-4534-841E-A214690C0E41}.Release|Any CPU.Build.0 = Release|Any CPU
		{9A9E51FB-3335-4377-ABF1-021B9B367506}.Debug|Any CPU.ActiveCfg = Debug|Any CPU
		{9A9E51FB-3335-4377-ABF1-021B9B367506}.Debug|Any CPU.Build.0 = Debug|Any CPU
		{9A9E51FB-3335-4377-ABF1-021B9B367506}.Release|Any CPU.ActiveCfg = Release|Any CPU
		{9A9E51FB-3335-4377-ABF1-021B9B367506}.Release|Any CPU.Build.0 = Release|Any CPU
		{2F6A2584-B187-420C-B314-A6756E1EE4AC}.Debug|Any CPU.ActiveCfg = Debug|Any CPU
		{2F6A2584-B187-420C-B314-A6756E1EE4AC}.Debug|Any CPU.Build.0 = Debug|Any CPU
		{2F6A2584-B187-420C-B314-A6756E1EE4AC}.Release|Any CPU.ActiveCfg = Release|Any CPU
		{2F6A2584-B187-420C-B314-A6756E1EE4AC}.Release|Any CPU.Build.0 = Release|Any CPU
		{ECF0690D-B337-4D7E-B2B1-6E4DDB7BAD52}.Debug|Any CPU.ActiveCfg = Debug|Any CPU
		{ECF0690D-B337-4D7E-B2B1-6E4DDB7BAD52}.Debug|Any CPU.Build.0 = Debug|Any CPU
		{ECF0690D-B337-4D7E-B2B1-6E4DDB7BAD52}.Release|Any CPU.ActiveCfg = Release|Any CPU
		{ECF0690D-B337-4D7E-B2B1-6E4DDB7BAD52}.Release|Any CPU.Build.0 = Release|Any CPU
		{699AC191-D620-4AA9-822C-DFD95935C148}.Debug|Any CPU.ActiveCfg = Debug|Any CPU
		{699AC191-D620-4AA9-822C-DFD95935C148}.Debug|Any CPU.Build.0 = Debug|Any CPU
		{699AC191-D620-4AA9-822C-DFD95935C148}.Release|Any CPU.ActiveCfg = Release|Any CPU
		{699AC191-D620-4AA9-822C-DFD95935C148}.Release|Any CPU.Build.0 = Release|Any CPU
		{189496FE-7105-42EA-9DA7-F8BB6C3A872B}.Debug|Any CPU.ActiveCfg = Debug|Any CPU
		{189496FE-7105-42EA-9DA7-F8BB6C3A872B}.Debug|Any CPU.Build.0 = Debug|Any CPU
		{189496FE-7105-42EA-9DA7-F8BB6C3A872B}.Release|Any CPU.ActiveCfg = Release|Any CPU
		{189496FE-7105-42EA-9DA7-F8BB6C3A872B}.Release|Any CPU.Build.0 = Release|Any CPU
		{024CA0B4-C12C-4185-81AD-722F916F7144}.Debug|Any CPU.ActiveCfg = Debug|Any CPU
		{024CA0B4-C12C-4185-81AD-722F916F7144}.Debug|Any CPU.Build.0 = Debug|Any CPU
		{024CA0B4-C12C-4185-81AD-722F916F7144}.Release|Any CPU.ActiveCfg = Release|Any CPU
		{024CA0B4-C12C-4185-81AD-722F916F7144}.Release|Any CPU.Build.0 = Release|Any CPU
		{87BE1ABF-1F59-41AB-A3CB-4B1E7E0B218A}.Debug|Any CPU.ActiveCfg = Debug|Any CPU
		{87BE1ABF-1F59-41AB-A3CB-4B1E7E0B218A}.Debug|Any CPU.Build.0 = Debug|Any CPU
		{87BE1ABF-1F59-41AB-A3CB-4B1E7E0B218A}.Release|Any CPU.ActiveCfg = Release|Any CPU
		{87BE1ABF-1F59-41AB-A3CB-4B1E7E0B218A}.Release|Any CPU.Build.0 = Release|Any CPU
		{A149395B-8E54-45D4-83FE-0408EC58F82F}.Debug|Any CPU.ActiveCfg = Debug|Any CPU
		{A149395B-8E54-45D4-83FE-0408EC58F82F}.Debug|Any CPU.Build.0 = Debug|Any CPU
		{A149395B-8E54-45D4-83FE-0408EC58F82F}.Release|Any CPU.ActiveCfg = Release|Any CPU
		{A149395B-8E54-45D4-83FE-0408EC58F82F}.Release|Any CPU.Build.0 = Release|Any CPU
		{13493F5C-F9AB-4F85-A45C-945F99CF2C39}.Debug|Any CPU.ActiveCfg = Debug|Any CPU
		{13493F5C-F9AB-4F85-A45C-945F99CF2C39}.Debug|Any CPU.Build.0 = Debug|Any CPU
		{13493F5C-F9AB-4F85-A45C-945F99CF2C39}.Release|Any CPU.ActiveCfg = Release|Any CPU
		{13493F5C-F9AB-4F85-A45C-945F99CF2C39}.Release|Any CPU.Build.0 = Release|Any CPU
	EndGlobalSection
	GlobalSection(SolutionProperties) = preSolution
		HideSolutionNode = FALSE
	EndGlobalSection
	GlobalSection(NestedProjects) = preSolution
		{E9B633BC-8FF2-4A0A-9587-E4B083D48963} = {792AEA5C-1896-49EE-8FDF-2004DDA123A2}
		{F96328FF-C863-4BEC-8E6E-EFBE82DA22BA} = {792AEA5C-1896-49EE-8FDF-2004DDA123A2}
		{34C8D4D0-5060-4E50-B6FF-4C16CE298C34} = {792AEA5C-1896-49EE-8FDF-2004DDA123A2}
		{2C6D0F0C-789C-4472-8CC5-C0E8726F6FD3} = {792AEA5C-1896-49EE-8FDF-2004DDA123A2}
		{D2B9B0DB-780B-4E9B-BB9B-56560CEF17F6} = {792AEA5C-1896-49EE-8FDF-2004DDA123A2}
		{7668B9F6-E050-42BA-99E4-A397CA3DFA85} = {74DF0211-D950-46B6-BC23-F336192B6C12}
		{FB17C4BA-7FB9-411D-8C16-E551E220EDB0} = {74DF0211-D950-46B6-BC23-F336192B6C12}
		{612CB0FF-1CED-49A1-9FF2-0E9C98F2B2AB} = {74DF0211-D950-46B6-BC23-F336192B6C12}
		{6E1F2E5E-AD2B-482B-B835-58798A6AA5C7} = {EACE57A3-CF47-420B-9523-D1AC8F6C5E35}
		{286B36BF-C651-42C9-91DD-97E1420B0150} = {00CC2C35-F1DF-46BD-8CCE-9CAF42C27A4F}
		{E10740B3-1FE8-4534-841E-A214690C0E41} = {00CC2C35-F1DF-46BD-8CCE-9CAF42C27A4F}
		{9A9E51FB-3335-4377-ABF1-021B9B367506} = {A1FBAAD1-F7B5-4D97-9429-E58D6A00E112}
		{2F6A2584-B187-420C-B314-A6756E1EE4AC} = {A1FBAAD1-F7B5-4D97-9429-E58D6A00E112}
		{ECF0690D-B337-4D7E-B2B1-6E4DDB7BAD52} = {BA42AC7E-CEC3-4647-8D07-48C3B1DBDB98}
		{699AC191-D620-4AA9-822C-DFD95935C148} = {BA42AC7E-CEC3-4647-8D07-48C3B1DBDB98}
		{189496FE-7105-42EA-9DA7-F8BB6C3A872B} = {BA42AC7E-CEC3-4647-8D07-48C3B1DBDB98}
		{024CA0B4-C12C-4185-81AD-722F916F7144} = {BCEFA1FF-F39B-4EC6-A79E-5A945CCFC1D6}
		{87BE1ABF-1F59-41AB-A3CB-4B1E7E0B218A} = {BCEFA1FF-F39B-4EC6-A79E-5A945CCFC1D6}
		{A149395B-8E54-45D4-83FE-0408EC58F82F} = {9A908BDC-8AFB-405F-A818-BD96BBE416AC}
		{13493F5C-F9AB-4F85-A45C-945F99CF2C39} = {9A908BDC-8AFB-405F-A818-BD96BBE416AC}
	EndGlobalSection
EndGlobal
